{
  "name": "icoukcalendar",
  "lockfileVersion": 3,
  "requires": true,
  "packages": {
    "": {
      "name": "icoukcalendar",
      "private": true,
      "type": "module",
      "devDependencies": {
        "@playwright/test": "^1.48.0",
        "playwright": "^1.48.0"
      }
    },
    "node_modules/@playwright/test": {
      "version": "1.48.0",
      "resolved": "https://registry.npmjs.org/@playwright/test/-/test-1.48.0.tgz",
      "integrity": "sha512-qVo5Xtq6m7X/F8YXEw3m1EaVFaERYtNR1OX6r/r48YjJmljqH6mNhQzGtfSP5ELqNy0f8s6dYTqbAc3L/zR3A==",
      "dependencies": {
        "@playwright/test-base": "1.48.0",
        "playwright": "1.48.0"
      },
      "bin": {
        "playwright": "cli.js"
      },
      "engines": {
        "node": ">=18"
      }
    },
    "node_modules/@playwright/test-base": {
      "version": "1.48.0",
      "resolved": "https://registry.npmjs.org/@playwright/test-base/-/test-base-1.48.0.tgz",
      "integrity": "sha512-8D5/1EzxF8CJCrtf60oYHqDSbTLdKrZp2AeLjHWFiYKX3+Z/EKnqH9l8n0RqCG+MX3A7c0nHsXNWnfGt8HRXw==",
      "engines": {
        "node": ">=18"
      }
    },
    "node_modules/fsevents": {
      "version": "2.3.2",
      "resolved": "https://registry.npmjs.org/fsevents/-/fsevents-2.3.2.tgz",
      "integrity": "sha512-xiqQArgcKUbKHZq+4WlFT3MlYOCf9l/D1fW8D7UpWwFXVMl/i/Lg3DBSvA9e7KKZQ/C0o/KuuHJMxLvJxOiDA==",
      "optional": true,
      "os": [
        "darwin"
      ],
      "engines": {
        "node": "^8.16.0 || ^10.6.0 || >=11.0.0"
      }
    },
    "node_modules/playwright": {
      "version": "1.48.0",
      "resolved": "https://registry.npmjs.org/playwright/-/playwright-1.48.0.tgz",
      "integrity": "sha512-7d6P6nJGLkKSbCg0SL0dB5gFNLJfAW3R4NwLT2tDLYwCJrX4Qy9dQ6eFbAl8cWkiDXpBi3/NP8HWQDkYGzaQ==",
      "dependencies": {
        "playwright-core": "1.48.0"
      },
      "bin": {
        "playwright": "cli.js"
      },
      "engines": {
        "node": ">=18"
      },
      "optionalDependencies": {
        "fsevents": "2.3.2"
      }
    },
    "node_modules/playwright-core": {
      "version": "1.48.0",
      "resolved": "https://registry.npmjs.org/playwright-core/-/playwright-core-1.48.0.tgz",
      "integrity": "sha512-hMt1HKPEgMwIjB3qPCd/c7Pl50aJgJvH2yPcLCW45nKweFxXWCgVd7pKpVxLLfQHd3F0P3XBQhFqmXqKKx/3Q==",
      "engines": {
        "node": ">=18"
      }
    }
  }
}
