{
  "name": "icoukcalendar",
  "lockfileVersion": 3,
  "requires": true,
  "packages": {
    "": {
      "name": "icoukcalendar",
      "private": true,
      "type": "module",
      "devDependencies": {
        "@playwright/test": "1.47.2",
        "playwright": "1.47.2"
      }
    },
    "node_modules/@playwright/test": {
      "version": "1.47.2",
      "resolved": "https://registry.npmjs.org/@playwright/test/-/test-1.47.2.tgz",
      "integrity": "sha512-tCsWR8WpV/VwTn1v+76i2wWXkVyhwZ4HhWEX/QKKBmJrD1vMdkOVJiFPFxYd8RgGFm/0p7+xXGvMkVFKvkd5Q==",
      "dependencies": {
        "@playwright/test-base": "1.47.2",
        "playwright": "1.47.2"
      },
      "bin": {
        "playwright": "cli.js"
      },
      "engines": {
        "node": ">=18"
      }
    },
    "node_modules/@playwright/test-base": {
      "version": "1.47.2",
      "resolved": "https://registry.npmjs.org/@playwright/test-base/-/test-base-1.47.2.tgz",
      "integrity": "sha512-3MqL9eRqkOOpSDzMqhZPxhWkRXI8kQ7H7PaHqjVp2I8rLMXr5TRvOPY/Tq+Sgt+vMbOK5oB7WP+xqSZ9qYJZQ==",
      "engines": {
        "node": ">=18"
      }
    },
    "node_modules/fsevents": {
      "version": "2.3.2",
      "resolved": "https://registry.npmjs.org/fsevents/-/fsevents-2.3.2.tgz",
      "integrity": "sha512-xiqQArgcKUbKHZq+4WlFT3MlYOCf9l/D1fW8D7UpWwFXVMl/i/Lg3DBSvA9e7KKZQ/C0o/KuuHJMxLvJxOiDA==",
      "optional": true,
      "os": [
        "darwin"
      ],
      "engines": {
        "node": "^8.16.0 || ^10.6.0 || >=11.0.0"
      }
    },
    "node_modules/playwright": {
      "version": "1.47.2",
      "resolved": "https://registry.npmjs.org/playwright/-/playwright-1.47.2.tgz",
      "integrity": "sha512-oB/t/v1zxsf9zRhg15sW7rO5hQpWQvSb5vSb9P7Y5F2K91CnHZmvs+F3xXLePyp2hl85dO+LgL0zMpNMTmwGQ==",
      "dependencies": {
        "playwright-core": "1.47.2"
      },
      "bin": {
        "playwright": "cli.js"
      },
      "engines": {
        "node": ">=18"
      },
      "optionalDependencies": {
        "fsevents": "2.3.2"
      }
    },
    "node_modules/playwright-core": {
      "version": "1.47.2",
      "resolved": "https://registry.npmjs.org/playwright-core/-/playwright-core-1.47.2.tgz",
      "integrity": "sha512-gPDcEWvQxCrM9mSq6i0gXC0Y0N8n9KPQ8HN5VBa4rVRwT4pQvVEqGbK5u0Z+Lj8pW1Hd6dIVMChFsOh6Iv1LQ==",
      "engines": {
        "node": ">=18"
      }
    }
  }
}
